Microsoft Visual Studio Solution File, Format Version 12.00
# Visual Studio Version 17
VisualStudioVersion = 17.5.2.0
MinimumVisualStudioVersion = 10.0.40219.1
Project("{FAE04EC0-301F-11D3-BF4B-00C04F79EFBC}") = "JeuDeCombat", "JeuDeCombat.csproj", "{06EDA88D-93A2-E3C7-2BAE-62DD0E408D87}"
EndProject
Global
	GlobalSection(SolutionConfigurationPlatforms) = preSolution
		Debug|Any CPU = Debug|Any CPU
		Release|Any CPU = Release|Any CPU
	EndGlobalSection
	GlobalSection(ProjectConfigurationPlatforms) = postSolution
		{06EDA88D-93A2-E3C7-2BAE-62DD0E408D87}.Debug|Any CPU.ActiveCfg = Debug|Any CPU
		{06EDA88D-93A2-E3C7-2BAE-62DD0E408D87}.Debug|Any CPU.Build.0 = Debug|Any CPU
		{06EDA88D-93A2-E3C7-2BAE-62DD0E408D87}.Release|Any CPU.ActiveCfg = Release|Any CPU
		{06EDA88D-93A2-E3C7-2BAE-62DD0E408D87}.Release|Any CPU.Build.0 = Release|Any CPU
	EndGlobalSection
	GlobalSection(SolutionProperties) = preSolution
		HideSolutionNode = FALSE
	EndGlobalSection
	GlobalSection(ExtensibilityGlobals) = postSolution
		SolutionGuid = {52195CC3-76CE-4408-9BDD-9E319ADB03D5}
	EndGlobalSection
EndGlobal
